lockfileVersion: '9.0'

settings:
  autoInstallPeers: true
  excludeLinksFromLockfile: false

importers:

  .:
    dependencies:
      '@vercel/speed-insights':
        specifier: ^1.0.10
        version: 1.0.10

packages:

  '@vercel/speed-insights@1.0.10':
    resolution: {integrity: sha512-4uzdKB0RW6Ff2FkzshzjZ+RlJfLPxgm/00i0XXgxfMPhwnnsk92YgtqsxT9OcPLdJUyVU1DqFlSWWjIQMPkh0g==}
    peerDependencies:
      '@sveltejs/kit': ^1 || ^2
      next: '>= 13'
      react: ^18 || ^19
      svelte: ^4
      vue: ^3
      vue-router: ^4
    peerDependenciesMeta:
      '@sveltejs/kit':
        optional: true
      next:
        optional: true
      react:
        optional: true
      svelte:
        optional: true
      vue:
        optional: true
      vue-router:
        optional: true

snapshots:

  '@vercel/speed-insights@1.0.10': {}
